{
  "version": 4,
  "terraform_version": "0.12.29",
  "serial": 11,
  "lineage": "9cc58a7a-1f9f-de8b-e656-ba8aa3fc4d81",
  "outputs": {
    "dns": {
      "value": "eitaastest-win2019.usgovvirginia.cloudapp.usgovcloudapi.net",
      "type": "string"
    }
  },
  "resources": [
    {
      "mode": "data",
      "type": "azurerm_image",
      "name": "image",
      "provider": "provider.azurerm",
      "instances": [
        {
          "schema_version": 0,
          "attributes": {
            "data_disk": [],
            "id": "/subscriptions/0da267bf-6147-408e-9413-64c9b95384ed/resourceGroups/ImageGallery/providers/Microsoft.Compute/images/win2019.pull-16-merge",
            "location": "usgovvirginia",
            "name": "win2019.pull-16-merge",
            "name_regex": null,
            "os_disk": [
              {
                "blob_uri": "",
                "caching": "ReadWrite",
                "managed_disk_id": "/subscriptions/0da267bf-6147-408e-9413-64c9b95384ed/resourceGroups/PACKER-RESOURCE-GROUP-YX2A4FXCRC/providers/Microsoft.Compute/disks/pkrosyx2a4fxcrc",
                "os_state": "Generalized",
                "os_type": "Windows",
                "size_gb": 250
              }
            ],
            "resource_group_name": "ImageGallery",
            "sort_descending": false,
            "tags": {
              "gen_date": "202008060216",
              "image_version": "win2019.pull-16-merge"
            },
            "timeouts": null,
            "zone_resilient": false
          }
        }
      ]
    },
    {
      "mode": "managed",
      "type": "azurerm_network_interface",
      "name": "nic",
      "provider": "provider.azurerm",
      "instances": [
        {
          "schema_version": 0,
          "attributes": {
            "applied_dns_servers": [],
            "dns_servers": [],
            "enable_accelerated_networking": false,
            "enable_ip_forwarding": false,
            "id": "/subscriptions/0da267bf-6147-408e-9413-64c9b95384ed/resourceGroups/notci-win2019/providers/Microsoft.Network/networkInterfaces/nic",
            "internal_dns_name_label": "",
            "internal_domain_name_suffix": "f51atj3jvzkennwndhdztpisxg.ax.internal.usgovcloudapp.net",
            "ip_configuration": [
              {
                "name": "nicconfig",
                "primary": true,
                "private_ip_address": "10.0.1.4",
                "private_ip_address_allocation": "Dynamic",
                "private_ip_address_version": "IPv4",
                "public_ip_address_id": "/subscriptions/0da267bf-6147-408e-9413-64c9b95384ed/resourceGroups/notci-win2019/providers/Microsoft.Network/publicIPAddresses/pip",
                "subnet_id": "/subscriptions/0da267bf-6147-408e-9413-64c9b95384ed/resourceGroups/notci-win2019/providers/Microsoft.Network/virtualNetworks/vnet/subnets/subnet"
              }
            ],
            "location": "usgovvirginia",
            "mac_address": "",
            "name": "nic",
            "private_ip_address": "10.0.1.4",
            "private_ip_addresses": [
              "10.0.1.4"
            ],
            "resource_group_name": "notci-win2019",
            "tags": null,
            "timeouts": null,
            "virtual_machine_id": ""
          },
          "private": "eyJlMmJmYjczMC1lY2FhLTExZTYtOGY4OC0zNDM2M2JjN2M0YzAiOnsiY3JlYXRlIjoxODAwMDAwMDAwMDAwLCJkZWxldGUiOjE4MDAwMDAwMDAwMDAsInJlYWQiOjMwMDAwMDAwMDAwMCwidXBkYXRlIjoxODAwMDAwMDAwMDAwfX0=",
          "dependencies": [
            "azurerm_public_ip.pip",
            "azurerm_resource_group.rg",
            "azurerm_subnet.subnet"
          ]
        }
      ]
    },
    {
      "mode": "managed",
      "type": "azurerm_network_interface_security_group_association",
      "name": "nic2nsg",
      "provider": "provider.azurerm",
      "instances": [
        {
          "schema_version": 0,
          "attributes": {
            "id": "/subscriptions/0da267bf-6147-408e-9413-64c9b95384ed/resourceGroups/notci-win2019/providers/Microsoft.Network/networkInterfaces/nic|/subscriptions/0da267bf-6147-408e-9413-64c9b95384ed/resourceGroups/notci-win2019/providers/Microsoft.Network/networkSecurityGroups/nsg",
            "network_interface_id": "/subscriptions/0da267bf-6147-408e-9413-64c9b95384ed/resourceGroups/notci-win2019/providers/Microsoft.Network/networkInterfaces/nic",
            "network_security_group_id": "/subscriptions/0da267bf-6147-408e-9413-64c9b95384ed/resourceGroups/notci-win2019/providers/Microsoft.Network/networkSecurityGroups/nsg",
            "timeouts": null
          },
          "private": "eyJlMmJmYjczMC1lY2FhLTExZTYtOGY4OC0zNDM2M2JjN2M0YzAiOnsiY3JlYXRlIjoxODAwMDAwMDAwMDAwLCJkZWxldGUiOjE4MDAwMDAwMDAwMDAsInJlYWQiOjMwMDAwMDAwMDAwMCwidXBkYXRlIjoxODAwMDAwMDAwMDAwfX0=",
          "dependencies": [
            "azurerm_network_interface.nic",
            "azurerm_network_security_group.nsg",
            "azurerm_public_ip.pip",
            "azurerm_resource_group.rg",
            "azurerm_subnet.subnet"
          ]
        }
      ]
    },
    {
      "mode": "managed",
      "type": "azurerm_network_security_group",
      "name": "nsg",
      "provider": "provider.azurerm",
      "instances": [
        {
          "schema_version": 0,
          "attributes": {
            "id": "/subscriptions/0da267bf-6147-408e-9413-64c9b95384ed/resourceGroups/notci-win2019/providers/Microsoft.Network/networkSecurityGroups/nsg",
            "location": "usgovvirginia",
            "name": "nsg",
            "resource_group_name": "notci-win2019",
            "security_rule": [
              {
                "access": "Allow",
                "description": "",
                "destination_address_prefix": "*",
                "destination_address_prefixes": [],
                "destination_application_security_group_ids": [],
                "destination_port_range": "3389",
                "destination_port_ranges": [],
                "direction": "Inbound",
                "name": "RDP",
                "priority": 1001,
                "protocol": "Tcp",
                "source_address_prefix": "*",
                "source_address_prefixes": [],
                "source_application_security_group_ids": [],
                "source_port_range": "*",
                "source_port_ranges": []
              },
              {
                "access": "Allow",
                "description": "",
                "destination_address_prefix": "*",
                "destination_address_prefixes": [],
                "destination_application_security_group_ids": [],
                "destination_port_range": "5986",
                "destination_port_ranges": [],
                "direction": "Inbound",
                "name": "Secure_WinRM",
                "priority": 1002,
                "protocol": "Tcp",
                "source_address_prefix": "*",
                "source_address_prefixes": [],
                "source_application_security_group_ids": [],
                "source_port_range": "*",
                "source_port_ranges": []
              }
            ],
            "tags": {},
            "timeouts": null
          },
          "private": "eyJlMmJmYjczMC1lY2FhLTExZTYtOGY4OC0zNDM2M2JjN2M0YzAiOnsiY3JlYXRlIjoxODAwMDAwMDAwMDAwLCJkZWxldGUiOjE4MDAwMDAwMDAwMDAsInJlYWQiOjMwMDAwMDAwMDAwMCwidXBkYXRlIjoxODAwMDAwMDAwMDAwfX0=",
          "dependencies": [
            "azurerm_resource_group.rg"
          ]
        }
      ]
    },
    {
      "mode": "managed",
      "type": "azurerm_public_ip",
      "name": "pip",
      "provider": "provider.azurerm",
      "instances": [
        {
          "schema_version": 0,
          "attributes": {
            "allocation_method": "Dynamic",
            "domain_name_label": "eitaastest-win2019",
            "fqdn": "eitaastest-win2019.usgovvirginia.cloudapp.usgovcloudapi.net",
            "id": "/subscriptions/0da267bf-6147-408e-9413-64c9b95384ed/resourceGroups/notci-win2019/providers/Microsoft.Network/publicIPAddresses/pip",
            "idle_timeout_in_minutes": 4,
            "ip_address": "",
            "ip_version": "IPv4",
            "location": "usgovvirginia",
            "name": "pip",
            "public_ip_prefix_id": null,
            "resource_group_name": "notci-win2019",
            "reverse_fqdn": "",
            "sku": "Basic",
            "tags": null,
            "timeouts": null,
            "zones": null
          },
          "private": "eyJlMmJmYjczMC1lY2FhLTExZTYtOGY4OC0zNDM2M2JjN2M0YzAiOnsiY3JlYXRlIjoxODAwMDAwMDAwMDAwLCJkZWxldGUiOjE4MDAwMDAwMDAwMDAsInJlYWQiOjMwMDAwMDAwMDAwMCwidXBkYXRlIjoxODAwMDAwMDAwMDAwfX0=",
          "dependencies": [
            "azurerm_resource_group.rg"
          ]
        }
      ]
    },
    {
      "mode": "managed",
      "type": "azurerm_resource_group",
      "name": "rg",
      "provider": "provider.azurerm",
      "instances": [
        {
          "schema_version": 0,
          "attributes": {
            "id": "/subscriptions/0da267bf-6147-408e-9413-64c9b95384ed/resourceGroups/notci-win2019",
            "location": "usgovvirginia",
            "name": "notci-win2019",
            "tags": {
              "gen_date": "202008061334",
              "image_ver": "testRG"
            },
            "timeouts": null
          },
          "private": "eyJlMmJmYjczMC1lY2FhLTExZTYtOGY4OC0zNDM2M2JjN2M0YzAiOnsiY3JlYXRlIjo1NDAwMDAwMDAwMDAwLCJkZWxldGUiOjU0MDAwMDAwMDAwMDAsInJlYWQiOjMwMDAwMDAwMDAwMCwidXBkYXRlIjo1NDAwMDAwMDAwMDAwfX0="
        }
      ]
    },
    {
      "mode": "managed",
      "type": "azurerm_subnet",
      "name": "subnet",
      "provider": "provider.azurerm",
      "instances": [
        {
          "schema_version": 0,
          "attributes": {
            "address_prefix": "10.0.1.0/24",
            "address_prefixes": [
              "10.0.1.0/24"
            ],
            "delegation": [],
            "enforce_private_link_endpoint_network_policies": false,
            "enforce_private_link_service_network_policies": false,
            "id": "/subscriptions/0da267bf-6147-408e-9413-64c9b95384ed/resourceGroups/notci-win2019/providers/Microsoft.Network/virtualNetworks/vnet/subnets/subnet",
            "name": "subnet",
            "resource_group_name": "notci-win2019",
            "service_endpoints": [],
            "timeouts": null,
            "virtual_network_name": "vnet"
          },
          "private": "eyJlMmJmYjczMC1lY2FhLTExZTYtOGY4OC0zNDM2M2JjN2M0YzAiOnsiY3JlYXRlIjoxODAwMDAwMDAwMDAwLCJkZWxldGUiOjE4MDAwMDAwMDAwMDAsInJlYWQiOjMwMDAwMDAwMDAwMCwidXBkYXRlIjoxODAwMDAwMDAwMDAwfX0=",
          "dependencies": [
            "azurerm_resource_group.rg",
            "azurerm_virtual_network.vnet"
          ]
        }
      ]
    },
    {
      "mode": "managed",
      "type": "azurerm_virtual_machine",
      "name": "vm",
      "provider": "provider.azurerm",
      "instances": [
        {
          "schema_version": 0,
          "attributes": {
            "additional_capabilities": [],
            "availability_set_id": null,
            "boot_diagnostics": [],
            "delete_data_disks_on_termination": true,
            "delete_os_disk_on_termination": true,
            "id": "/subscriptions/0da267bf-6147-408e-9413-64c9b95384ed/resourceGroups/notci-win2019/providers/Microsoft.Compute/virtualMachines/vm",
            "identity": [],
            "license_type": "Windows_Server",
            "location": "usgovvirginia",
            "name": "vm",
            "network_interface_ids": [
              "/subscriptions/0da267bf-6147-408e-9413-64c9b95384ed/resourceGroups/notci-win2019/providers/Microsoft.Network/networkInterfaces/nic"
            ],
            "os_profile": [
              {
                "admin_password": "",
                "admin_username": "xadmin",
                "computer_name": "TestServer",
                "custom_data": ""
              }
            ],
            "os_profile_linux_config": [],
            "os_profile_secrets": [],
            "os_profile_windows_config": [
              {
                "additional_unattend_config": [],
                "enable_automatic_upgrades": false,
                "provision_vm_agent": true,
                "timezone": "",
                "winrm": []
              }
            ],
            "plan": [],
            "primary_network_interface_id": null,
            "proximity_placement_group_id": null,
            "resource_group_name": "notci-win2019",
            "storage_data_disk": [],
            "storage_image_reference": [
              {
                "id": "/subscriptions/0da267bf-6147-408e-9413-64c9b95384ed/resourceGroups/ImageGallery/providers/Microsoft.Compute/images/win2019.pull-16-merge",
                "offer": "",
                "publisher": "",
                "sku": "",
                "version": ""
              }
            ],
            "storage_os_disk": [
              {
                "caching": "ReadWrite",
                "create_option": "FromImage",
                "disk_size_gb": 250,
                "image_uri": "",
                "managed_disk_id": "/subscriptions/0da267bf-6147-408e-9413-64c9b95384ed/resourceGroups/NOTCI-WIN2019/providers/Microsoft.Compute/disks/OsDisk",
                "managed_disk_type": "StandardSSD_LRS",
                "name": "OsDisk",
                "os_type": "Windows",
                "vhd_uri": "",
                "write_accelerator_enabled": false
              }
            ],
            "tags": {
              "gen_date": "202008061334",
              "image_ver": "testRG"
            },
            "timeouts": null,
            "vm_size": "Standard_D8s_v3",
            "zones": null
          },
          "private": "eyJlMmJmYjczMC1lY2FhLTExZTYtOGY4OC0zNDM2M2JjN2M0YzAiOnsiY3JlYXRlIjozNjAwMDAwMDAwMDAwLCJkZWxldGUiOjM2MDAwMDAwMDAwMDAsInJlYWQiOjMwMDAwMDAwMDAwMCwidXBkYXRlIjozNjAwMDAwMDAwMDAwfX0=",
          "dependencies": [
            "azurerm_network_interface.nic",
            "azurerm_public_ip.pip",
            "azurerm_resource_group.rg",
            "azurerm_subnet.subnet"
          ]
        }
      ]
    },
    {
      "mode": "managed",
      "type": "azurerm_virtual_machine_extension",
      "name": "SecureWinRM",
      "provider": "provider.azurerm",
      "instances": [
        {
          "schema_version": 0,
          "attributes": {
            "auto_upgrade_minor_version": false,
            "id": "/subscriptions/0da267bf-6147-408e-9413-64c9b95384ed/resourceGroups/notci-win2019/providers/Microsoft.Compute/virtualMachines/vm/extensions/SecureWinRM",
            "name": "SecureWinRM",
            "protected_settings": null,
            "publisher": "Microsoft.Compute",
            "settings": "{\"commandToExecute\":\"powershell -ExecutionPolicy Unrestricted -file ConfigureWinRM.ps1 eitaastest-win2019.usgovvirginia.cloudapp.usgovcloudapi.net\",\"fileUris\":[\"https://raw.githubusercontent.com/Azure/azure-quickstart-templates/master/201-vm-winrm-windows/ConfigureWinRM.ps1\",\"https://raw.githubusercontent.com/Azure/azure-quickstart-templates/master/201-vm-winrm-windows/makecert.exe\",\"https://raw.githubusercontent.com/Azure/azure-quickstart-templates/master/201-vm-winrm-windows/winrmconf.cmd\"]}",
            "tags": null,
            "timeouts": null,
            "type": "CustomScriptExtension",
            "type_handler_version": "1.9",
            "virtual_machine_id": "/subscriptions/0da267bf-6147-408e-9413-64c9b95384ed/resourceGroups/notci-win2019/providers/Microsoft.Compute/virtualMachines/vm"
          },
          "private": "eyJlMmJmYjczMC1lY2FhLTExZTYtOGY4OC0zNDM2M2JjN2M0YzAiOnsiY3JlYXRlIjoxODAwMDAwMDAwMDAwLCJkZWxldGUiOjE4MDAwMDAwMDAwMDAsInJlYWQiOjMwMDAwMDAwMDAwMCwidXBkYXRlIjoxODAwMDAwMDAwMDAwfX0=",
          "dependencies": [
            "azurerm_network_interface.nic",
            "azurerm_public_ip.pip",
            "azurerm_resource_group.rg",
            "azurerm_subnet.subnet",
            "azurerm_virtual_machine.vm"
          ]
        }
      ]
    },
    {
      "mode": "managed",
      "type": "azurerm_virtual_network",
      "name": "vnet",
      "provider": "provider.azurerm",
      "instances": [
        {
          "schema_version": 0,
          "attributes": {
            "address_space": [
              "10.0.0.0/16"
            ],
            "ddos_protection_plan": [],
            "dns_servers": [],
            "guid": "a709f62f-aea9-4654-b6cd-19c799bd12be",
            "id": "/subscriptions/0da267bf-6147-408e-9413-64c9b95384ed/resourceGroups/notci-win2019/providers/Microsoft.Network/virtualNetworks/vnet",
            "location": "usgovvirginia",
            "name": "vnet",
            "resource_group_name": "notci-win2019",
            "subnet": [
              {
                "address_prefix": "10.0.1.0/24",
                "id": "/subscriptions/0da267bf-6147-408e-9413-64c9b95384ed/resourceGroups/notci-win2019/providers/Microsoft.Network/virtualNetworks/vnet/subnets/subnet",
                "name": "subnet",
                "security_group": ""
              }
            ],
            "tags": {},
            "timeouts": null
          },
          "private": "eyJlMmJmYjczMC1lY2FhLTExZTYtOGY4OC0zNDM2M2JjN2M0YzAiOnsiY3JlYXRlIjoxODAwMDAwMDAwMDAwLCJkZWxldGUiOjE4MDAwMDAwMDAwMDAsInJlYWQiOjMwMDAwMDAwMDAwMCwidXBkYXRlIjoxODAwMDAwMDAwMDAwfX0=",
          "dependencies": [
            "azurerm_resource_group.rg"
          ]
        }
      ]
    }
  ]
}
